
Microsoft Visual Studio Solution File, Format Version 12.00
# Visual Studio 14
VisualStudioVersion = 14.0.24720.0
MinimumVisualStudioVersion = 10.0.40219.1
Project("{151D2E53-A2C4-4D7D-83FE-D05416EBD58E}") = "Ubuntu-Servers", "Ubuntu-Servers.deployproj", "{B53B7229-54A9-483E-AA3C-8B6358AE727A}"
EndProject
Global
	GlobalSection(SolutionConfigurationPlatforms) = preSolution
		Debug|Any CPU = Debug|Any CPU
		Release|Any CPU = Release|Any CPU
	EndGlobalSection
	GlobalSection(ProjectConfigurationPlatforms) = postSolution
		{B53B7229-54A9-483E-AA3C-8B6358AE727A}.Debug|Any CPU.ActiveCfg = Debug|Any CPU
		{B53B7229-54A9-483E-AA3C-8B6358AE727A}.Debug|Any CPU.Build.0 = Debug|Any CPU
		{B53B7229-54A9-483E-AA3C-8B6358AE727A}.Release|Any CPU.ActiveCfg = Release|Any CPU
		{B53B7229-54A9-483E-AA3C-8B6358AE727A}.Release|Any CPU.Build.0 = Release|Any CPU
	EndGlobalSection
	GlobalSection(SolutionProperties) = preSolution
		HideSolutionNode = FALSE
	EndGlobalSection
EndGlobal
